
Microsoft Visual Studio Solution File, Format Version 12.00
# Visual Studio 14
VisualStudioVersion = 14.0.23107.0
MinimumVisualStudioVersion = 10.0.40219.1
Project("{FAE04EC0-301F-11D3-BF4B-00C04F79EFBC}") = "Beertown.Web", "Beertown.Web\Beertown.Web.csproj", "{F12A8BE7-10A6-4785-A767-91B1D7B9D889}"
EndProject
Project("{FAE04EC0-301F-11D3-BF4B-00C04F79EFBC}") = "Beertown.Web.Tests", "Beertown.Web.Tests\Beertown.Web.Tests.csproj", "{28EE5EA4-5050-4CC8-8346-C16C8D6D448B}"
EndProject
Project("{FAE04EC0-301F-11D3-BF4B-00C04F79EFBC}") = "Beertown.Domain", "Beertown.Domain\Beertown.Domain.csproj", "{ABEC43D2-8109-40A2-87F4-F339D3183608}"
EndProject
Global
	GlobalSection(SolutionConfigurationPlatforms) = preSolution
		Debug|Any CPU = Debug|Any CPU
		Release|Any CPU = Release|Any CPU
	EndGlobalSection
	GlobalSection(ProjectConfigurationPlatforms) = postSolution
		{F12A8BE7-10A6-4785-A767-91B1D7B9D889}.Debug|Any CPU.ActiveCfg = Debug|Any CPU
		{F12A8BE7-10A6-4785-A767-91B1D7B9D889}.Debug|Any CPU.Build.0 = Debug|Any CPU
		{F12A8BE7-10A6-4785-A767-91B1D7B9D889}.Release|Any CPU.ActiveCfg = Release|Any CPU
		{F12A8BE7-10A6-4785-A767-91B1D7B9D889}.Release|Any CPU.Build.0 = Release|Any CPU
		{28EE5EA4-5050-4CC8-8346-C16C8D6D448B}.Debug|Any CPU.ActiveCfg = Debug|Any CPU
		{28EE5EA4-5050-4CC8-8346-C16C8D6D448B}.Debug|Any CPU.Build.0 = Debug|Any CPU
		{28EE5EA4-5050-4CC8-8346-C16C8D6D448B}.Release|Any CPU.ActiveCfg = Release|Any CPU
		{28EE5EA4-5050-4CC8-8346-C16C8D6D448B}.Release|Any CPU.Build.0 = Release|Any CPU
		{ABEC43D2-8109-40A2-87F4-F339D3183608}.Debug|Any CPU.ActiveCfg = Debug|Any CPU
		{ABEC43D2-8109-40A2-87F4-F339D3183608}.Debug|Any CPU.Build.0 = Debug|Any CPU
		{ABEC43D2-8109-40A2-87F4-F339D3183608}.Release|Any CPU.ActiveCfg = Release|Any CPU
		{ABEC43D2-8109-40A2-87F4-F339D3183608}.Release|Any CPU.Build.0 = Release|Any CPU
	EndGlobalSection
	GlobalSection(SolutionProperties) = preSolution
		HideSolutionNode = FALSE
	EndGlobalSection
EndGlobal
